
Microsoft Visual Studio Solution File, Format Version 12.00
# Visual Studio Version 16
VisualStudioVersion = 16.0.29728.190
MinimumVisualStudioVersion = 10.0.40219.1
Project("{FAE04EC0-301F-11D3-BF4B-00C04F79EFBC}") = "Cinema", "Cinema.csproj", "{DF18AE98-19E1-4981-8654-812BD8857DF5}"
EndProject
Global
	GlobalSection(SolutionConfigurationPlatforms) = preSolution
		Debug|Any CPU = Debug|Any CPU
		Release|Any CPU = Release|Any CPU
	EndGlobalSection
	GlobalSection(ProjectConfigurationPlatforms) = postSolution
		{DF18AE98-19E1-4981-8654-812BD8857DF5}.Debug|Any CPU.ActiveCfg = Debug|Any CPU
		{DF18AE98-19E1-4981-8654-812BD8857DF5}.Debug|Any CPU.Build.0 = Debug|Any CPU
		{DF18AE98-19E1-4981-8654-812BD8857DF5}.Release|Any CPU.ActiveCfg = Release|Any CPU
		{DF18AE98-19E1-4981-8654-812BD8857DF5}.Release|Any CPU.Build.0 = Release|Any CPU
	EndGlobalSection
	GlobalSection(SolutionProperties) = preSolution
		HideSolutionNode = FALSE
	EndGlobalSection
	GlobalSection(ExtensibilityGlobals) = postSolution
		SolutionGuid = {B2ABF907-D277-4239-934E-F357636CC5FF}
	EndGlobalSection
EndGlobal
